
Microsoft Visual Studio Solution File, Format Version 12.00
# Visual Studio Version 17
VisualStudioVersion = 17.9.34728.123
MinimumVisualStudioVersion = 10.0.40219.1
Project("{FAE04EC0-301F-11D3-BF4B-00C04F79EFBC}") = "PryMendozaEtapa6", "PryMendozaEtapa6.csproj", "{291E489E-9879-4F45-8FC6-314D0A019314}"
EndProject
Global
	GlobalSection(SolutionConfigurationPlatforms) = preSolution
		Debug|Any CPU = Debug|Any CPU
		Release|Any CPU = Release|Any CPU
	EndGlobalSection
	GlobalSection(ProjectConfigurationPlatforms) = postSolution
		{291E489E-9879-4F45-8FC6-314D0A019314}.Debug|Any CPU.ActiveCfg = Debug|Any CPU
		{291E489E-9879-4F45-8FC6-314D0A019314}.Debug|Any CPU.Build.0 = Debug|Any CPU
		{291E489E-9879-4F45-8FC6-314D0A019314}.Release|Any CPU.ActiveCfg = Release|Any CPU
		{291E489E-9879-4F45-8FC6-314D0A019314}.Release|Any CPU.Build.0 = Release|Any CPU
	EndGlobalSection
	GlobalSection(SolutionProperties) = preSolution
		HideSolutionNode = FALSE
	EndGlobalSection
	GlobalSection(ExtensibilityGlobals) = postSolution
		SolutionGuid = {95079929-30ED-435E-947D-D56D5D4A6FD0}
	EndGlobalSection
EndGlobal
